// !$*UTF8*$!
{
	archiveVersion = 1;
	classes = {
	};
	objectVersion = 46;
	objects = {

/* Begin PBXBuildFile section */
		8FF2E57F1DE4AA1000C19B18 /* main.m in Sources */ = {isa = PBXBuildFile; fileRef = 8FF2E57E1DE4AA1000C19B18 /* main.m */; };
		8FF2E5821DE4AA1000C19B18 /* AppDelegate.m in Sources */ = {isa = PBXBuildFile; fileRef = 8FF2E5811DE4AA1000C19B18 /* AppDelegate.m */; };
		8FF2E5851DE4AA1000C19B18 /* ViewController.m in Sources */ = {isa = PBXBuildFile; fileRef = 8FF2E5841DE4AA1000C19B18 /* ViewController.m */; };
		8FF2E5881DE4AA1000C19B18 /* Main.storyboard in Resources */ = {isa = PBXBuildFile; fileRef = 8FF2E5861DE4AA1000C19B18 /* Main.storyboard */; };
		8FF2E58A1DE4AA1000C19B18 /* Assets.xcassets in Resources */ = {isa = PBXBuildFile; fileRef = 8FF2E5891DE4AA1000C19B18 /* Assets.xcassets */; };
		8FF2E58D1DE4AA1000C19B18 /* LaunchScreen.storyboard in Resources */ = {isa = PBXBuildFile; fileRef = 8FF2E58B1DE4AA1000C19B18 /* LaunchScreen.storyboard */; };
/* End PBXBuildFile section */

/* Begin PBXFileReference section */
		8FF2E57A1DE4AA1000C19B18 /* 1123.app */ = {isa = PBXFileReference; explicitFileType = wrapper.application; includeInIndex = 0; path = 1123.app; sourceTree = BUILT_PRODUCTS_DIR; };
		8FF2E57E1DE4AA1000C19B18 /* main.m */ = {isa = PBXFileReference; lastKnownFileType = sourcecode.c.objc; path = main.m; sourceTree = "<group>"; };
		8FF2E5801DE4AA1000C19B18 /* AppDelegate.h */ = {isa = PBXFileReference; lastKnownFileType = sourcecode.c.h; path = AppDelegate.h; sourceTree = "<group>"; };
		8FF2E5811DE4AA1000C19B18 /* AppDelegate.m */ = {isa = PBXFileReference; lastKnownFileType = sourcecode.c.objc; path = AppDelegate.m; sourceTree = "<group>"; };
		8FF2E5831DE4AA1000C19B18 /* ViewController.h */ = {isa = PBXFileReference; lastKnownFileType = sourcecode.c.h; path = ViewController.h; sourceTree = "<group>"; };
		8FF2E5841DE4AA1000C19B18 /* ViewController.m */ = {isa = PBXFileReference; lastKnownFileType = sourcecode.c.objc; path = ViewController.m; sourceTree = "<group>"; };
		8FF2E5871DE4AA1000C19B18 /* Base */ = {isa = PBXFileReference; lastKnownFileType = file.storyboard; name = Base; path = Base.lproj/Main.storyboard; sourceTree = "<group>"; };
		8FF2E5891DE4AA1000C19B18 /* Assets.xcassets */ = {isa = PBXFileReference; lastKnownFileType = folder.assetcatalog; path = Assets.xcassets; sourceTree = "<group>"; };
		8FF2E58C1DE4AA1000C19B18 /* Base */ = {isa = PBXFileReference; lastKnownFileType = file.storyboard; name = Base; path = Base.lproj/LaunchScreen.storyboard; sourceTree = "<group>"; };
		8FF2E58E1DE4AA1000C19B18 /* Info.plist */ = {isa = PBXFileReference; lastKnownFileType = text.plist.xml; path = Info.plist; sourceTree = "<group>"; };
/* End PBXFileReference section */

/* Begin PBXFrameworksBuildPhase section */
		8FF2E5771DE4AA1000C19B18 /* Frameworks */ = {
			isa = PBXFrameworksBuildPhase;
			buildActionMask = 2147483647;
			files = (
			);
			runOnlyForDeploymentPostprocessing = 0;
		};
/* End PBXFrameworksBuildPhase section */

/* Begin PBXGroup section */
		8FF2E5711DE4AA1000C19B18 = {
			isa = PBXGroup;
			children = (
				8FF2E57C1DE4AA1000C19B18 /* 1123 */,
				8FF2E57B1DE4AA1000C19B18 /* Products */,
			);
			sourceTree = "<group>";
		};
		8FF2E57B1DE4AA1000C19B18 /* Products */ = {
			isa = PBXGroup;
			children = (
				8FF2E57A1DE4AA1000C19B18 /* 1123.app */,
			);
			name = Products;
			sourceTree = "<group>";
		};
		8FF2E57C1DE4AA1000C19B18 /* 1123 */ = {
			isa = PBXGroup;
			children = (
				8FF2E5801DE4AA1000C19B18 /* AppDelegate.h */,
				8FF2E5811DE4AA1000C19B18 /* AppDelegate.m */,
				8FF2E5831DE4AA1000C19B18 /* ViewController.h */,
				8FF2E5841DE4AA1000C19B18 /* ViewController.m */,
				8FF2E5861DE4AA1000C19B18 /* Main.storyboard */,
				8FF2E5891DE4AA1000C19B18 /* Assets.xcassets */,
				8FF2E58B1DE4AA1000C19B18 /* LaunchScreen.storyboard */,
				8FF2E58E1DE4AA1000C19B18 /* Info.plist */,
				8FF2E57D1DE4AA1000C19B18 /* Supporting Files */,
			);
			path = 1123;
			sourceTree = "<group>";
		};
		8FF2E57D1DE4AA1000C19B18 /* Supporting Files */ = {
			isa = PBXGroup;
			children = (
				8FF2E57E1DE4AA1000C19B18 /* main.m */,
			);
			name = "Supporting Files";
			sourceTree = "<group>";
		};
/* End PBXGroup section */

/* Begin PBXNativeTarget section */
		8FF2E5791DE4AA1000C19B18 /* 1123 */ = {
			isa = PBXNativeTarget;
			buildConfigurationList = 8FF2E5911DE4AA1000C19B18 /* Build configuration list for PBXNativeTarget "1123" */;
			buildPhases = (
				8FF2E5761DE4AA1000C19B18 /* Sources */,
				8FF2E5771DE4AA1000C19B18 /* Frameworks */,
				8FF2E5781DE4AA1000C19B18 /* Resources */,
			);
			buildRules = (
			);
			dependencies = (
			);
			name = 1123;
			productName = 1123;
			productReference = 8FF2E57A1DE4AA1000C19B18 /* 1123.app */;
			productType = "com.apple.product-type.application";
		};
/* End PBXNativeTarget section */

/* Begin PBXProject section */
		8FF2E5721DE4AA1000C19B18 /* Project object */ = {
			isa = PBXProject;
			attributes = {
				LastUpgradeCheck = 0810;
				ORGANIZATIONNAME = Macx;
				TargetAttributes = {
					8FF2E5791DE4AA1000C19B18 = {
						CreatedOnToolsVersion = 8.1;
						ProvisioningStyle = Automatic;
					};
				};
			};
			buildConfigurationList = 8FF2E5751DE4AA1000C19B18 /* Build configuration list for PBXProject "1123" */;
			compatibilityVersion = "Xcode 3.2";
			developmentRegion = English;
			hasScannedForEncodings = 0;
			knownRegions = (
				en,
				Base,
			);
			mainGroup = 8FF2E5711DE4AA1000C19B18;
			productRefGroup = 8FF2E57B1DE4AA1000C19B18 /* Products */;
			projectDirPath = "";
			projectRoot = "";
			targets = (
				8FF2E5791DE4AA1000C19B18 /* 1123 */,
			);
		};
/* End PBXProject section */

/* Begin PBXResourcesBuildPhase section */
		8FF2E5781DE4AA1000C19B18 /* Resources */ = {
			isa = PBXResourcesBuildPhase;
			buildActionMask = 2147483647;
			files = (
				8FF2E58D1DE4AA1000C19B18 /* LaunchScreen.storyboard in Resources */,
				8FF2E58A1DE4AA1000C19B18 /* Assets.xcassets in Resources */,
				8FF2E5881DE4AA1000C19B18 /* Main.storyboard in Resources */,
			);
			runOnlyForDeploymentPostprocessing = 0;
		};
/* End PBXResourcesBuildPhase section */

/* Begin PBXSourcesBuildPhase section */
		8FF2E5761DE4AA1000C19B18 /* Sources */ = {
			isa = PBXSourcesBuildPhase;
			buildActionMask = 2147483647;
			files = (
				8FF2E5851DE4AA1000C19B18 /* ViewController.m in Sources */,
				8FF2E5821DE4AA1000C19B18 /* AppDelegate.m in Sources */,
				8FF2E57F1DE4AA1000C19B18 /* main.m in Sources */,
			);
			runOnlyForDeploymentPostprocessing = 0;
		};
/* End PBXSourcesBuildPhase section */

/* Begin PBXVariantGroup section */
		8FF2E5861DE4AA1000C19B18 /* Main.storyboard */ = {
			isa = PBXVariantGroup;
			children = (
				8FF2E5871DE4AA1000C19B18 /* Base */,
			);
			name = Main.storyboard;
			sourceTree = "<group>";
		};
		8FF2E58B1DE4AA1000C19B18 /* LaunchScreen.storyboard */ = {
			isa = PBXVariantGroup;
			children = (
				8FF2E58C1DE4AA1000C19B18 /* Base */,
			);
			name = LaunchScreen.storyboard;
			sourceTree = "<group>";
		};
/* End PBXVariantGroup section */

/* Begin XCBuildConfiguration section */
		8FF2E58F1DE4AA1000C19B18 /* Debug */ = {
			isa = XCBuildConfiguration;
			buildSettings = {
				ALWAYS_SEARCH_USER_PATHS = NO;
				CLANG_ANALYZER_NONNULL = YES;
				CLANG_CXX_LANGUAGE_STANDARD = "gnu++0x";
				CLANG_CXX_LIBRARY = "libc++";
				CLANG_ENABLE_MODULES = YES;
				CLANG_ENABLE_OBJC_ARC = YES;
				CLANG_WARN_BOOL_CONVERSION = YES;
				CLANG_WARN_CONSTANT_CONVERSION = YES;
				CLANG_WARN_DIRECT_OBJC_ISA_USAGE = YES_ERROR;
				CLANG_WARN_DOCUMENTATION_COMMENTS = YES;
				CLANG_WARN_EMPTY_BODY = YES;
				CLANG_WARN_ENUM_CONVERSION = YES;
				CLANG_WARN_INFINITE_RECURSION = YES;
				CLANG_WARN_INT_CONVERSION = YES;
				CLANG_WARN_OBJC_ROOT_CLASS = YES_ERROR;
				CLANG_WARN_SUSPICIOUS_MOVES = YES;
				CLANG_WARN_UNREACHABLE_CODE = YES;
				CLANG_WARN__DUPLICATE_METHOD_MATCH = YES;
				"CODE_SIGN_IDENTITY[sdk=iphoneos*]" = "iPhone Developer";
				COPY_PHASE_STRIP = NO;
				DEBUG_INFORMATION_FORMAT = dwarf;
				ENABLE_STRICT_OBJC_MSGSEND = YES;
				ENABLE_TESTABILITY = YES;
				GCC_C_LANGUAGE_STANDARD = gnu99;
				GCC_DYNAMIC_NO_PIC = NO;
				GCC_NO_COMMON_BLOCKS = YES;
				GCC_OPTIMIZATION_LEVEL = 0;
				GCC_PREPROCESSOR_DEFINITIONS = (
					"DEBUG=1",
					"$(inherited)",
				);
				GCC_WARN_64_TO_32_BIT_CONVERSION = YES;
				GCC_WARN_ABOUT_RETURN_TYPE = YES_ERROR;
				GCC_WARN_UNDECLARED_SELECTOR = YES;
				GCC_WARN_UNINITIALIZED_AUTOS = YES_AGGRESSIVE;
				GCC_WARN_UNUSED_FUNCTION = YES;
				GCC_WARN_UNUSED_VARIABLE = YES;
				IPHONEOS_DEPLOYMENT_TARGET = 10.1;
				MTL_ENABLE_DEBUG_INFO = YES;
				ONLY_ACTIVE_ARCH = YES;
				SDKROOT = iphoneos;
			};
			name = Debug;
		};
		8FF2E5901DE4AA1000C19B18 /* Release */ = {
			isa = XCBuildConfiguration;
			buildSettings = {
				ALWAYS_SEARCH_USER_PATHS = NO;
				CLANG_ANALYZER_NONNULL = YES;
				CLANG_CXX_LANGUAGE_STANDARD = "gnu++0x";
				CLANG_CXX_LIBRARY = "libc++";
				CLANG_ENABLE_MODULES = YES;
				CLANG_ENABLE_OBJC_ARC = YES;
				CLANG_WARN_BOOL_CONVERSION = YES;
				CLANG_WARN_CONSTANT_CONVERSION = YES;
				CLANG_WARN_DIRECT_OBJC_ISA_USAGE = YES_ERROR;
				CLANG_WARN_DOCUMENTATION_COMMENTS = YES;
				CLANG_WARN_EMPTY_BODY = YES;
				CLANG_WARN_ENUM_CONVERSION = YES;
				CLANG_WARN_INFINITE_RECURSION = YES;
				CLANG_WARN_INT_CONVERSION = YES;
				CLANG_WARN_OBJC_ROOT_CLASS = YES_ERROR;
				CLANG_WARN_SUSPICIOUS_MOVES = YES;
				CLANG_WARN_UNREACHABLE_CODE = YES;
				CLANG_WARN__DUPLICATE_METHOD_MATCH = YES;
				"CODE_SIGN_IDENTITY[sdk=iphoneos*]" = "iPhone Developer";
				COPY_PHASE_STRIP = NO;
				DEBUG_INFORMATION_FORMAT = "dwarf-with-dsym";
				ENABLE_NS_ASSERTIONS = NO;
				ENABLE_STRICT_OBJC_MSGSEND = YES;
				GCC_C_LANGUAGE_STANDARD = gnu99;
				GCC_NO_COMMON_BLOCKS = YES;
				GCC_WARN_64_TO_32_BIT_CONVERSION = YES;
				GCC_WARN_ABOUT_RETURN_TYPE = YES_ERROR;
				GCC_WARN_UNDECLARED_SELECTOR = YES;
				GCC_WARN_UNINITIALIZED_AUTOS = YES_AGGRESSIVE;
				GCC_WARN_UNUSED_FUNCTION = YES;
				GCC_WARN_UNUSED_VARIABLE = YES;
				IPHONEOS_DEPLOYMENT_TARGET = 10.1;
				MTL_ENABLE_DEBUG_INFO = NO;
				SDKROOT = iphoneos;
				VALIDATE_PRODUCT = YES;
			};
			name = Release;
		};
		8FF2E5921DE4AA1000C19B18 /* Debug */ = {
			isa = XCBuildConfiguration;
			buildSettings = {
				ASSETCATALOG_COMPILER_APPICON_NAME = AppIcon;
				INFOPLIST_FILE = 1123/Info.plist;
				LD_RUNPATH_SEARCH_PATHS = "$(inherited) @executable_path/Frameworks";
				PRODUCT_BUNDLE_IDENTIFIER = "xiongfeilong.-123";
				PRODUCT_NAME = "$(TARGET_NAME)";
			};
			name = Debug;
		};
		8FF2E5931DE4AA1000C19B18 /* Release */ = {
			isa = XCBuildConfiguration;
			buildSettings = {
				ASSETCATALOG_COMPILER_APPICON_NAME = AppIcon;
				INFOPLIST_FILE = 1123/Info.plist;
				LD_RUNPATH_SEARCH_PATHS = "$(inherited) @executable_path/Frameworks";
				PRODUCT_BUNDLE_IDENTIFIER = "xiongfeilong.-123";
				PRODUCT_NAME = "$(TARGET_NAME)";
			};
			name = Release;
		};
/* End XCBuildConfiguration section */

/* Begin XCConfigurationList section */
		8FF2E5751DE4AA1000C19B18 /* Build configuration list for PBXProject "1123" */ = {
			isa = XCConfigurationList;
			buildConfigurations = (
				8FF2E58F1DE4AA1000C19B18 /* Debug */,
				8FF2E5901DE4AA1000C19B18 /* Release */,
			);
			defaultConfigurationIsVisible = 0;
			defaultConfigurationName = Release;
		};
		8FF2E5911DE4AA1000C19B18 /* Build configuration list for PBXNativeTarget "1123" */ = {
			isa = XCConfigurationList;
			buildConfigurations = (
				8FF2E5921DE4AA1000C19B18 /* Debug */,
				8FF2E5931DE4AA1000C19B18 /* Release */,
			);
			defaultConfigurationIsVisible = 0;
		};
/* End XCConfigurationList section */
	};
	rootObject = 8FF2E5721DE4AA1000C19B18 /* Project object */;
}
